
Microsoft Visual Studio Solution File, Format Version 12.00
# Visual Studio Version 16
VisualStudioVersion = 16.0.31702.278
MinimumVisualStudioVersion = 10.0.40219.1
Project("{FAE04EC0-301F-11D3-BF4B-00C04F79EFBC}") = "MSMYsql", "MSMYsql\MSMYsql.csproj", "{7F66FA80-6432-4115-A75A-07B993E00AAB}"
EndProject
Global
	GlobalSection(SolutionConfigurationPlatforms) = preSolution
		Debug|Any CPU = Debug|Any CPU
		Release|Any CPU = Release|Any CPU
	EndGlobalSection
	GlobalSection(ProjectConfigurationPlatforms) = postSolution
		{7F66FA80-6432-4115-A75A-07B993E00AAB}.Debug|Any CPU.ActiveCfg = Debug|Any CPU
		{7F66FA80-6432-4115-A75A-07B993E00AAB}.Debug|Any CPU.Build.0 = Debug|Any CPU
		{7F66FA80-6432-4115-A75A-07B993E00AAB}.Release|Any CPU.ActiveCfg = Release|Any CPU
		{7F66FA80-6432-4115-A75A-07B993E00AAB}.Release|Any CPU.Build.0 = Release|Any CPU
	EndGlobalSection
	GlobalSection(SolutionProperties) = preSolution
		HideSolutionNode = FALSE
	EndGlobalSection
	GlobalSection(ExtensibilityGlobals) = postSolution
		SolutionGuid = {14490FF8-104B-4FCB-A009-B739A77EB5F4}
	EndGlobalSection
EndGlobal
