
Microsoft Visual Studio Solution File, Format Version 12.00
# Visual Studio Version 17
VisualStudioVersion = 17.6.33829.357
MinimumVisualStudioVersion = 10.0.40219.1
Project("{FAE04EC0-301F-11D3-BF4B-00C04F79EFBC}") = "test", "test\test.csproj", "{84E584C9-9D91-498C-B81C-C9A333575249}"
EndProject
Global
	GlobalSection(SolutionConfigurationPlatforms) = preSolution
		Debug|Any CPU = Debug|Any CPU
		Release|Any CPU = Release|Any CPU
	EndGlobalSection
	GlobalSection(ProjectConfigurationPlatforms) = postSolution
		{84E584C9-9D91-498C-B81C-C9A333575249}.Debug|Any CPU.ActiveCfg = Debug|Any CPU
		{84E584C9-9D91-498C-B81C-C9A333575249}.Debug|Any CPU.Build.0 = Debug|Any CPU
		{84E584C9-9D91-498C-B81C-C9A333575249}.Release|Any CPU.ActiveCfg = Release|Any CPU
		{84E584C9-9D91-498C-B81C-C9A333575249}.Release|Any CPU.Build.0 = Release|Any CPU
	EndGlobalSection
	GlobalSection(SolutionProperties) = preSolution
		HideSolutionNode = FALSE
	EndGlobalSection
	GlobalSection(ExtensibilityGlobals) = postSolution
		SolutionGuid = {AA2463E8-1A73-4D04-BF26-9618CEEA4257}
	EndGlobalSection
EndGlobal
