
Microsoft Visual Studio Solution File, Format Version 12.00
# Visual Studio 15
VisualStudioVersion = 15.0.28307.1622
MinimumVisualStudioVersion = 10.0.40219.1
Project("{FAE04EC0-301F-11D3-BF4B-00C04F79EFBC}") = "OOP_Test12_Abstract_vs_Interface", "OOP_Test12_Abstract_vs_Interface\OOP_Test12_Abstract_vs_Interface.csproj", "{F8794478-227F-4EDE-93E0-9888333C84AD}"
EndProject
Global
	GlobalSection(SolutionConfigurationPlatforms) = preSolution
		Debug|Any CPU = Debug|Any CPU
		Release|Any CPU = Release|Any CPU
	EndGlobalSection
	GlobalSection(ProjectConfigurationPlatforms) = postSolution
		{F8794478-227F-4EDE-93E0-9888333C84AD}.Debug|Any CPU.ActiveCfg = Debug|Any CPU
		{F8794478-227F-4EDE-93E0-9888333C84AD}.Debug|Any CPU.Build.0 = Debug|Any CPU
		{F8794478-227F-4EDE-93E0-9888333C84AD}.Release|Any CPU.ActiveCfg = Release|Any CPU
		{F8794478-227F-4EDE-93E0-9888333C84AD}.Release|Any CPU.Build.0 = Release|Any CPU
	EndGlobalSection
	GlobalSection(SolutionProperties) = preSolution
		HideSolutionNode = FALSE
	EndGlobalSection
	GlobalSection(ExtensibilityGlobals) = postSolution
		SolutionGuid = {BA5A4FDC-25E1-4C94-92E8-2A55228B7A24}
	EndGlobalSection
EndGlobal
