
Microsoft Visual Studio Solution File, Format Version 12.00
# Visual Studio 15
VisualStudioVersion = 15.0.28307.1585
MinimumVisualStudioVersion = 10.0.40219.1
Project("{FAE04EC0-301F-11D3-BF4B-00C04F79EFBC}") = "ConsoleApp3", "ConsoleApp3\ConsoleApp3.csproj", "{0FEC3483-F445-4890-845E-0AA237B4B1C7}"
EndProject
Global
	GlobalSection(SolutionConfigurationPlatforms) = preSolution
		Debug|Any CPU = Debug|Any CPU
		Release|Any CPU = Release|Any CPU
	EndGlobalSection
	GlobalSection(ProjectConfigurationPlatforms) = postSolution
		{0FEC3483-F445-4890-845E-0AA237B4B1C7}.Debug|Any CPU.ActiveCfg = Debug|Any CPU
		{0FEC3483-F445-4890-845E-0AA237B4B1C7}.Debug|Any CPU.Build.0 = Debug|Any CPU
		{0FEC3483-F445-4890-845E-0AA237B4B1C7}.Release|Any CPU.ActiveCfg = Release|Any CPU
		{0FEC3483-F445-4890-845E-0AA237B4B1C7}.Release|Any CPU.Build.0 = Release|Any CPU
	EndGlobalSection
	GlobalSection(SolutionProperties) = preSolution
		HideSolutionNode = FALSE
	EndGlobalSection
	GlobalSection(ExtensibilityGlobals) = postSolution
		SolutionGuid = {640FE6A3-EDC6-4654-9D70-F3E076ABC36A}
	EndGlobalSection
EndGlobal
