
Microsoft Visual Studio Solution File, Format Version 12.00
# Visual Studio 15
VisualStudioVersion = 15.0.28307.1622
MinimumVisualStudioVersion = 10.0.40219.1
Project("{FAE04EC0-301F-11D3-BF4B-00C04F79EFBC}") = "DataAccess", "DataAccess\DataAccess.csproj", "{6CD5135B-F7B4-470E-BB02-EC0E453F0C91}"
EndProject
Project("{FAE04EC0-301F-11D3-BF4B-00C04F79EFBC}") = "Business", "Business\Business.csproj", "{3E5D7651-581F-4E11-98AF-D78D58511C0C}"
EndProject
Project("{FAE04EC0-301F-11D3-BF4B-00C04F79EFBC}") = "ConsoleUI", "ConsoleUI\ConsoleUI.csproj", "{B45B88A3-92C0-4C1B-8C51-72ECED7023F2}"
EndProject
Project("{FAE04EC0-301F-11D3-BF4B-00C04F79EFBC}") = "Entities", "Entities\Entities.csproj", "{8DDBCBA4-C140-40F8-BBEF-4B48C2447366}"
EndProject
Project("{FAE04EC0-301F-11D3-BF4B-00C04F79EFBC}") = "Core", "Core\Core.csproj", "{607AC271-D8EE-45FD-A37B-E998FC6CEE53}"
EndProject
Global
	GlobalSection(SolutionConfigurationPlatforms) = preSolution
		Debug|Any CPU = Debug|Any CPU
		Release|Any CPU = Release|Any CPU
	EndGlobalSection
	GlobalSection(ProjectConfigurationPlatforms) = postSolution
		{6CD5135B-F7B4-470E-BB02-EC0E453F0C91}.Debug|Any CPU.ActiveCfg = Debug|Any CPU
		{6CD5135B-F7B4-470E-BB02-EC0E453F0C91}.Debug|Any CPU.Build.0 = Debug|Any CPU
		{6CD5135B-F7B4-470E-BB02-EC0E453F0C91}.Release|Any CPU.ActiveCfg = Release|Any CPU
		{6CD5135B-F7B4-470E-BB02-EC0E453F0C91}.Release|Any CPU.Build.0 = Release|Any CPU
		{3E5D7651-581F-4E11-98AF-D78D58511C0C}.Debug|Any CPU.ActiveCfg = Debug|Any CPU
		{3E5D7651-581F-4E11-98AF-D78D58511C0C}.Debug|Any CPU.Build.0 = Debug|Any CPU
		{3E5D7651-581F-4E11-98AF-D78D58511C0C}.Release|Any CPU.ActiveCfg = Release|Any CPU
		{3E5D7651-581F-4E11-98AF-D78D58511C0C}.Release|Any CPU.Build.0 = Release|Any CPU
		{B45B88A3-92C0-4C1B-8C51-72ECED7023F2}.Debug|Any CPU.ActiveCfg = Debug|Any CPU
		{B45B88A3-92C0-4C1B-8C51-72ECED7023F2}.Debug|Any CPU.Build.0 = Debug|Any CPU
		{B45B88A3-92C0-4C1B-8C51-72ECED7023F2}.Release|Any CPU.ActiveCfg = Release|Any CPU
		{B45B88A3-92C0-4C1B-8C51-72ECED7023F2}.Release|Any CPU.Build.0 = Release|Any CPU
		{8DDBCBA4-C140-40F8-BBEF-4B48C2447366}.Debug|Any CPU.ActiveCfg = Debug|Any CPU
		{8DDBCBA4-C140-40F8-BBEF-4B48C2447366}.Debug|Any CPU.Build.0 = Debug|Any CPU
		{8DDBCBA4-C140-40F8-BBEF-4B48C2447366}.Release|Any CPU.ActiveCfg = Release|Any CPU
		{8DDBCBA4-C140-40F8-BBEF-4B48C2447366}.Release|Any CPU.Build.0 = Release|Any CPU
		{607AC271-D8EE-45FD-A37B-E998FC6CEE53}.Debug|Any CPU.ActiveCfg = Debug|Any CPU
		{607AC271-D8EE-45FD-A37B-E998FC6CEE53}.Debug|Any CPU.Build.0 = Debug|Any CPU
		{607AC271-D8EE-45FD-A37B-E998FC6CEE53}.Release|Any CPU.ActiveCfg = Release|Any CPU
		{607AC271-D8EE-45FD-A37B-E998FC6CEE53}.Release|Any CPU.Build.0 = Release|Any CPU
	EndGlobalSection
	GlobalSection(SolutionProperties) = preSolution
		HideSolutionNode = FALSE
	EndGlobalSection
	GlobalSection(ExtensibilityGlobals) = postSolution
		SolutionGuid = {54F10E97-B918-4C98-AA04-D92551AC8703}
	EndGlobalSection
EndGlobal
