
Microsoft Visual Studio Solution File, Format Version 12.00
# Visual Studio 14
VisualStudioVersion = 14.0.25420.1
MinimumVisualStudioVersion = 10.0.40219.1
Project("{FAE04EC0-301F-11D3-BF4B-00C04F79EFBC}") = "Algoritma_10_Mukemmel_Sayi", "Algoritma_10_Mukemmel_Sayi\Algoritma_10_Mukemmel_Sayi.csproj", "{991651F3-88D5-4012-BB4F-4712C387DBA5}"
EndProject
Global
	GlobalSection(SolutionConfigurationPlatforms) = preSolution
		Debug|Any CPU = Debug|Any CPU
		Release|Any CPU = Release|Any CPU
	EndGlobalSection
	GlobalSection(ProjectConfigurationPlatforms) = postSolution
		{991651F3-88D5-4012-BB4F-4712C387DBA5}.Debug|Any CPU.ActiveCfg = Debug|Any CPU
		{991651F3-88D5-4012-BB4F-4712C387DBA5}.Debug|Any CPU.Build.0 = Debug|Any CPU
		{991651F3-88D5-4012-BB4F-4712C387DBA5}.Release|Any CPU.ActiveCfg = Release|Any CPU
		{991651F3-88D5-4012-BB4F-4712C387DBA5}.Release|Any CPU.Build.0 = Release|Any CPU
	EndGlobalSection
	GlobalSection(SolutionProperties) = preSolution
		HideSolutionNode = FALSE
	EndGlobalSection
EndGlobal
