
Microsoft Visual Studio Solution File, Format Version 12.00
# Visual Studio Version 17
VisualStudioVersion = 17.6.33829.357
MinimumVisualStudioVersion = 10.0.40219.1
Project("{FAE04EC0-301F-11D3-BF4B-00C04F79EFBC}") = "ApiGateway", "ApiGateway\ApiGateway.csproj", "{02B3D6CD-C0FA-4843-9639-16947022DB15}"
EndProject
Project("{2150E333-8FDC-42A3-9474-1A3956D46DE8}") = "Services", "Services", "{426DFADD-77DE-4FD0-B6D4-D39F89D4A098}"
EndProject
Project("{2150E333-8FDC-42A3-9474-1A3956D46DE8}") = "Contact", "Contact", "{46F89729-5878-4160-BA62-A6541062B355}"
EndProject
Project("{2150E333-8FDC-42A3-9474-1A3956D46DE8}") = "Reservation", "Reservation", "{4A84880B-C44C-4BF1-A805-5E52EDEE4862}"
EndProject
Project("{FAE04EC0-301F-11D3-BF4B-00C04F79EFBC}") = "ContactApi.Infrastructure", "Services\Contact\ContactApi.Infrastructure\ContactApi.Infrastructure.csproj", "{5D58B3D8-C1AD-4A06-8E02-54162996956A}"
EndProject
Project("{FAE04EC0-301F-11D3-BF4B-00C04F79EFBC}") = "ContactApi.Services", "Services\Contact\ContactApi.Services\ContactApi.Services.csproj", "{E11A76F5-61C3-4CFC-B95D-6950AA0AB409}"
EndProject
Project("{FAE04EC0-301F-11D3-BF4B-00C04F79EFBC}") = "ContactApi.Models", "Services\Contact\ContactApi.Models\ContactApi.Models.csproj", "{36716FF3-0539-4B28-9ECD-05839C5AA4F9}"
EndProject
Project("{FAE04EC0-301F-11D3-BF4B-00C04F79EFBC}") = "ContactApi.Api", "Services\Contact\ContactApi.Api\ContactApi.Api.csproj", "{B082209B-1A4C-41C4-9874-0C8B36532615}"
EndProject
Project("{FAE04EC0-301F-11D3-BF4B-00C04F79EFBC}") = "ReservationApi.Api", "Services\Reservation\ReservationApi.Api\ReservationApi.Api.csproj", "{642CBAF2-BB02-4692-A1D0-96BCB79E6841}"
EndProject
Project("{FAE04EC0-301F-11D3-BF4B-00C04F79EFBC}") = "ReservationApi.Models", "Services\Reservation\ReservationApi.Models\ReservationApi.Models.csproj", "{36C12C90-EFCC-4594-AFA2-A8FA854CFEA4}"
EndProject
Project("{FAE04EC0-301F-11D3-BF4B-00C04F79EFBC}") = "ReservationApi.Infrastructure", "Services\Reservation\ReservationApi.Infrastructure\ReservationApi.Infrastructure.csproj", "{B8701AB8-0D3A-485F-AE1B-381E0AC0C98E}"
EndProject
Project("{FAE04EC0-301F-11D3-BF4B-00C04F79EFBC}") = "ReservationApi.Services", "Services\Reservation\ReservationApi.Services\ReservationApi.Services.csproj", "{C063534D-4A57-4DC0-9AD4-16AA988E888D}"
EndProject
Global
	GlobalSection(SolutionConfigurationPlatforms) = preSolution
		Debug|Any CPU = Debug|Any CPU
		Release|Any CPU = Release|Any CPU
	EndGlobalSection
	GlobalSection(ProjectConfigurationPlatforms) = postSolution
		{02B3D6CD-C0FA-4843-9639-16947022DB15}.Debug|Any CPU.ActiveCfg = Debug|Any CPU
		{02B3D6CD-C0FA-4843-9639-16947022DB15}.Debug|Any CPU.Build.0 = Debug|Any CPU
		{02B3D6CD-C0FA-4843-9639-16947022DB15}.Release|Any CPU.ActiveCfg = Release|Any CPU
		{02B3D6CD-C0FA-4843-9639-16947022DB15}.Release|Any CPU.Build.0 = Release|Any CPU
		{5D58B3D8-C1AD-4A06-8E02-54162996956A}.Debug|Any CPU.ActiveCfg = Debug|Any CPU
		{5D58B3D8-C1AD-4A06-8E02-54162996956A}.Debug|Any CPU.Build.0 = Debug|Any CPU
		{5D58B3D8-C1AD-4A06-8E02-54162996956A}.Release|Any CPU.ActiveCfg = Release|Any CPU
		{5D58B3D8-C1AD-4A06-8E02-54162996956A}.Release|Any CPU.Build.0 = Release|Any CPU
		{E11A76F5-61C3-4CFC-B95D-6950AA0AB409}.Debug|Any CPU.ActiveCfg = Debug|Any CPU
		{E11A76F5-61C3-4CFC-B95D-6950AA0AB409}.Debug|Any CPU.Build.0 = Debug|Any CPU
		{E11A76F5-61C3-4CFC-B95D-6950AA0AB409}.Release|Any CPU.ActiveCfg = Release|Any CPU
		{E11A76F5-61C3-4CFC-B95D-6950AA0AB409}.Release|Any CPU.Build.0 = Release|Any CPU
		{36716FF3-0539-4B28-9ECD-05839C5AA4F9}.Debug|Any CPU.ActiveCfg = Debug|Any CPU
		{36716FF3-0539-4B28-9ECD-05839C5AA4F9}.Debug|Any CPU.Build.0 = Debug|Any CPU
		{36716FF3-0539-4B28-9ECD-05839C5AA4F9}.Release|Any CPU.ActiveCfg = Release|Any CPU
		{36716FF3-0539-4B28-9ECD-05839C5AA4F9}.Release|Any CPU.Build.0 = Release|Any CPU
		{B082209B-1A4C-41C4-9874-0C8B36532615}.Debug|Any CPU.ActiveCfg = Debug|Any CPU
		{B082209B-1A4C-41C4-9874-0C8B36532615}.Debug|Any CPU.Build.0 = Debug|Any CPU
		{B082209B-1A4C-41C4-9874-0C8B36532615}.Release|Any CPU.ActiveCfg = Release|Any CPU
		{B082209B-1A4C-41C4-9874-0C8B36532615}.Release|Any CPU.Build.0 = Release|Any CPU
		{642CBAF2-BB02-4692-A1D0-96BCB79E6841}.Debug|Any CPU.ActiveCfg = Debug|Any CPU
		{642CBAF2-BB02-4692-A1D0-96BCB79E6841}.Debug|Any CPU.Build.0 = Debug|Any CPU
		{642CBAF2-BB02-4692-A1D0-96BCB79E6841}.Release|Any CPU.ActiveCfg = Release|Any CPU
		{642CBAF2-BB02-4692-A1D0-96BCB79E6841}.Release|Any CPU.Build.0 = Release|Any CPU
		{36C12C90-EFCC-4594-AFA2-A8FA854CFEA4}.Debug|Any CPU.ActiveCfg = Debug|Any CPU
		{36C12C90-EFCC-4594-AFA2-A8FA854CFEA4}.Debug|Any CPU.Build.0 = Debug|Any CPU
		{36C12C90-EFCC-4594-AFA2-A8FA854CFEA4}.Release|Any CPU.ActiveCfg = Release|Any CPU
		{36C12C90-EFCC-4594-AFA2-A8FA854CFEA4}.Release|Any CPU.Build.0 = Release|Any CPU
		{B8701AB8-0D3A-485F-AE1B-381E0AC0C98E}.Debug|Any CPU.ActiveCfg = Debug|Any CPU
		{B8701AB8-0D3A-485F-AE1B-381E0AC0C98E}.Debug|Any CPU.Build.0 = Debug|Any CPU
		{B8701AB8-0D3A-485F-AE1B-381E0AC0C98E}.Release|Any CPU.ActiveCfg = Release|Any CPU
		{B8701AB8-0D3A-485F-AE1B-381E0AC0C98E}.Release|Any CPU.Build.0 = Release|Any CPU
		{C063534D-4A57-4DC0-9AD4-16AA988E888D}.Debug|Any CPU.ActiveCfg = Debug|Any CPU
		{C063534D-4A57-4DC0-9AD4-16AA988E888D}.Debug|Any CPU.Build.0 = Debug|Any CPU
		{C063534D-4A57-4DC0-9AD4-16AA988E888D}.Release|Any CPU.ActiveCfg = Release|Any CPU
		{C063534D-4A57-4DC0-9AD4-16AA988E888D}.Release|Any CPU.Build.0 = Release|Any CPU
	EndGlobalSection
	GlobalSection(SolutionProperties) = preSolution
		HideSolutionNode = FALSE
	EndGlobalSection
	GlobalSection(NestedProjects) = preSolution
		{46F89729-5878-4160-BA62-A6541062B355} = {426DFADD-77DE-4FD0-B6D4-D39F89D4A098}
		{4A84880B-C44C-4BF1-A805-5E52EDEE4862} = {426DFADD-77DE-4FD0-B6D4-D39F89D4A098}
		{5D58B3D8-C1AD-4A06-8E02-54162996956A} = {46F89729-5878-4160-BA62-A6541062B355}
		{E11A76F5-61C3-4CFC-B95D-6950AA0AB409} = {46F89729-5878-4160-BA62-A6541062B355}
		{36716FF3-0539-4B28-9ECD-05839C5AA4F9} = {46F89729-5878-4160-BA62-A6541062B355}
		{B082209B-1A4C-41C4-9874-0C8B36532615} = {46F89729-5878-4160-BA62-A6541062B355}
		{642CBAF2-BB02-4692-A1D0-96BCB79E6841} = {4A84880B-C44C-4BF1-A805-5E52EDEE4862}
		{36C12C90-EFCC-4594-AFA2-A8FA854CFEA4} = {4A84880B-C44C-4BF1-A805-5E52EDEE4862}
		{B8701AB8-0D3A-485F-AE1B-381E0AC0C98E} = {4A84880B-C44C-4BF1-A805-5E52EDEE4862}
		{C063534D-4A57-4DC0-9AD4-16AA988E888D} = {4A84880B-C44C-4BF1-A805-5E52EDEE4862}
	EndGlobalSection
	GlobalSection(ExtensibilityGlobals) = postSolution
		SolutionGuid = {CD8AED39-8355-43BA-9532-7D1449D1E52A}
	EndGlobalSection
EndGlobal
